
Microsoft Visual Studio Solution File, Format Version 12.00
# Visual Studio Version 17
VisualStudioVersion = 17.4.33103.184
MinimumVisualStudioVersion = 10.0.40219.1
Project("{FAE04EC0-301F-11D3-BF4B-00C04F79EFBC}") = "WebApplication14", "WebApplication14\WebApplication14.csproj", "{012F53F1-F077-48D5-9845-E61650CC01D4}"
EndProject
Global
	GlobalSection(SolutionConfigurationPlatforms) = preSolution
		Debug|Any CPU = Debug|Any CPU
		Release|Any CPU = Release|Any CPU
	EndGlobalSection
	GlobalSection(ProjectConfigurationPlatforms) = postSolution
		{012F53F1-F077-48D5-9845-E61650CC01D4}.Debug|Any CPU.ActiveCfg = Debug|Any CPU
		{012F53F1-F077-48D5-9845-E61650CC01D4}.Debug|Any CPU.Build.0 = Debug|Any CPU
		{012F53F1-F077-48D5-9845-E61650CC01D4}.Release|Any CPU.ActiveCfg = Release|Any CPU
		{012F53F1-F077-48D5-9845-E61650CC01D4}.Release|Any CPU.Build.0 = Release|Any CPU
	EndGlobalSection
	GlobalSection(SolutionProperties) = preSolution
		HideSolutionNode = FALSE
	EndGlobalSection
	GlobalSection(ExtensibilityGlobals) = postSolution
		SolutionGuid = {39EF4A27-FC56-4A6D-80FE-BF1D6599125D}
	EndGlobalSection
EndGlobal
